
Microsoft Visual Studio Solution File, Format Version 12.00
# Visual Studio Version 17
VisualStudioVersion = 17.1.32328.378
MinimumVisualStudioVersion = 10.0.40219.1
Project("{FAE04EC0-301F-11D3-BF4B-00C04F79EFBC}") = "MegaDesk_2.0", "MegaDesk_2.0\MegaDesk_2.0.csproj", "{29395EE6-D61F-45C0-A2A8-1D5D009154E3}"
EndProject
Global
	GlobalSection(SolutionConfigurationPlatforms) = preSolution
		Debug|Any CPU = Debug|Any CPU
		Release|Any CPU = Release|Any CPU
	EndGlobalSection
	GlobalSection(ProjectConfigurationPlatforms) = postSolution
		{29395EE6-D61F-45C0-A2A8-1D5D009154E3}.Debug|Any CPU.ActiveCfg = Debug|Any CPU
		{29395EE6-D61F-45C0-A2A8-1D5D009154E3}.Debug|Any CPU.Build.0 = Debug|Any CPU
		{29395EE6-D61F-45C0-A2A8-1D5D009154E3}.Release|Any CPU.ActiveCfg = Release|Any CPU
		{29395EE6-D61F-45C0-A2A8-1D5D009154E3}.Release|Any CPU.Build.0 = Release|Any CPU
	EndGlobalSection
	GlobalSection(SolutionProperties) = preSolution
		HideSolutionNode = FALSE
	EndGlobalSection
	GlobalSection(ExtensibilityGlobals) = postSolution
		SolutionGuid = {E5D7CFAC-93AF-4A00-AEB2-62618E2D27AA}
	EndGlobalSection
EndGlobal
